{
  "requires": true,
  "lockfileVersion": 1,
  "dependencies": {
    "@grapecity/spread-sheets": {
      "version": "13.0.2",
      "resolved": "https://registry.npmjs.org/@grapecity/spread-sheets/-/spread-sheets-13.0.2.tgz",
      "integrity": "sha512-1s9q3Z3rnr1MQj0awGXdKuagse8DUMGKT86OT2kH2/PIJqxdQQLtRMUs91Zu9JOf95bydVg30FUOzQqye35agg=="
    },
    "@grapecity/spread-sheets-angular": {
      "version": "13.0.2",
      "resolved": "https://registry.npmjs.org/@grapecity/spread-sheets-angular/-/spread-sheets-angular-13.0.2.tgz",
      "integrity": "sha512-+dDvvqOQRawCYbDcvECtsDjA46IraHMDbDjCgpaV+JQpr249KmQoMcqi9nikxB1KJnLksoGz4XSGyx19u3xeIQ==",
      "requires": {
        "@grapecity/spread-sheets": "13.0.2"
      }
    }
  }
}
